// !$*UTF8*$!
{
	archiveVersion = 1;
	classes = {
	};
	objectVersion = 55;
	objects = {

/* Begin PBXBuildFile section */
		34B280EF28853F5D0046097F /* FrameworkDemo.framework in Frameworks */ = {isa = PBXBuildFile; fileRef = 34B280E628853F5D0046097F /* FrameworkDemo.framework */; };
		34B280F428853F5D0046097F /* FrameworkDemoTests.swift in Sources */ = {isa = PBXBuildFile; fileRef = 34B280F328853F5D0046097F /* FrameworkDemoTests.swift */; };
		34B280F528853F5D0046097F /* FrameworkDemo.h in Headers */ = {isa = PBXBuildFile; fileRef = 34B280E928853F5D0046097F /* FrameworkDemo.h */; settings = {ATTRIBUTES = (Public, ); }; };
		34B280FF28853F680046097F /* FrameworkDemo.swift in Sources */ = {isa = PBXBuildFile; fileRef = 34B280FE28853F680046097F /* FrameworkDemo.swift */; };
/* End PBXBuildFile section */

/* Begin PBXContainerItemProxy section */
		34B280F028853F5D0046097F /* PBXContainerItemProxy */ = {
			isa = PBXContainerItemProxy;
			containerPortal = 34B280DD28853F5D0046097F /* Project object */;
			proxyType = 1;
			remoteGlobalIDString = 34B280E528853F5D0046097F;
			remoteInfo = FrameworkDemo;
		};
/* End PBXContainerItemProxy section */

/* Begin PBXFileReference section */
		34B280E628853F5D0046097F /* FrameworkDemo.framework */ = {isa = PBXFileReference; explicitFileType = wrapper.framework; includeInIndex = 0; path = FrameworkDemo.framework; sourceTree = BUILT_PRODUCTS_DIR; };
		34B280E928853F5D0046097F /* FrameworkDemo.h */ = {isa = PBXFileReference; lastKnownFileType = sourcecode.c.h; path = FrameworkDemo.h; sourceTree = "<group>"; };
		34B280EE28853F5D0046097F /* FrameworkDemoTests.xctest */ = {isa = PBXFileReference; explicitFileType = wrapper.cfbundle; includeInIndex = 0; path = FrameworkDemoTests.xctest; sourceTree = BUILT_PRODUCTS_DIR; };
		34B280F328853F5D0046097F /* FrameworkDemoTests.swift */ = {isa = PBXFileReference; lastKnownFileType = sourcecode.swift; path = FrameworkDemoTests.swift; sourceTree = "<group>"; };
		34B280FE28853F680046097F /* FrameworkDemo.swift */ = {isa = PBXFileReference; lastKnownFileType = sourcecode.swift; path = FrameworkDemo.swift; sourceTree = "<group>"; };
/* End PBXFileReference section */

/* Begin PBXFrameworksBuildPhase section */
		34B280E328853F5D0046097F /* Frameworks */ = {
			isa = PBXFrameworksBuildPhase;
			buildActionMask = 2147483647;
			files = (
			);
			runOnlyForDeploymentPostprocessing = 0;
		};
		34B280EB28853F5D0046097F /* Frameworks */ = {
			isa = PBXFrameworksBuildPhase;
			buildActionMask = 2147483647;
			files = (
				34B280EF28853F5D0046097F /* FrameworkDemo.framework in Frameworks */,
			);
			runOnlyForDeploymentPostprocessing = 0;
		};
/* End PBXFrameworksBuildPhase section */

/* Begin PBXGroup section */
		34B280DC28853F5D0046097F = {
			isa = PBXGroup;
			children = (
				34B280E828853F5D0046097F /* FrameworkDemo */,
				34B280F228853F5D0046097F /* FrameworkDemoTests */,
				34B280E728853F5D0046097F /* Products */,
			);
			sourceTree = "<group>";
		};
		34B280E728853F5D0046097F /* Products */ = {
			isa = PBXGroup;
			children = (
				34B280E628853F5D0046097F /* FrameworkDemo.framework */,
				34B280EE28853F5D0046097F /* FrameworkDemoTests.xctest */,
			);
			name = Products;
			sourceTree = "<group>";
		};
		34B280E828853F5D0046097F /* FrameworkDemo */ = {
			isa = PBXGroup;
			children = (
				34B280E928853F5D0046097F /* FrameworkDemo.h */,
				34B280FE28853F680046097F /* FrameworkDemo.swift */,
			);
			path = FrameworkDemo;
			sourceTree = "<group>";
		};
		34B280F228853F5D0046097F /* FrameworkDemoTests */ = {
			isa = PBXGroup;
			children = (
				34B280F328853F5D0046097F /* FrameworkDemoTests.swift */,
			);
			path = FrameworkDemoTests;
			sourceTree = "<group>";
		};
/* End PBXGroup section */

/* Begin PBXHeadersBuildPhase section */
		34B280E128853F5D0046097F /* Headers */ = {
			isa = PBXHeadersBuildPhase;
			buildActionMask = 2147483647;
			files = (
				34B280F528853F5D0046097F /* FrameworkDemo.h in Headers */,
			);
			runOnlyForDeploymentPostprocessing = 0;
		};
/* End PBXHeadersBuildPhase section */

/* Begin PBXNativeTarget section */
		34B280E528853F5D0046097F /* FrameworkDemo */ = {
			isa = PBXNativeTarget;
			buildConfigurationList = 34B280F828853F5D0046097F /* Build configuration list for PBXNativeTarget "FrameworkDemo" */;
			buildPhases = (
				34B280E128853F5D0046097F /* Headers */,
				34B280E228853F5D0046097F /* Sources */,
				34B280E328853F5D0046097F /* Frameworks */,
				34B280E428853F5D0046097F /* Resources */,
			);
			buildRules = (
			);
			dependencies = (
			);
			name = FrameworkDemo;
			productName = FrameworkDemo;
			productReference = 34B280E628853F5D0046097F /* FrameworkDemo.framework */;
			productType = "com.apple.product-type.framework";
		};
		34B280ED28853F5D0046097F /* FrameworkDemoTests */ = {
			isa = PBXNativeTarget;
			buildConfigurationList = 34B280FB28853F5D0046097F /* Build configuration list for PBXNativeTarget "FrameworkDemoTests" */;
			buildPhases = (
				34B280EA28853F5D0046097F /* Sources */,
				34B280EB28853F5D0046097F /* Frameworks */,
				34B280EC28853F5D0046097F /* Resources */,
			);
			buildRules = (
			);
			dependencies = (
				34B280F128853F5D0046097F /* PBXTargetDependency */,
			);
			name = FrameworkDemoTests;
			productName = FrameworkDemoTests;
			productReference = 34B280EE28853F5D0046097F /* FrameworkDemoTests.xctest */;
			productType = "com.apple.product-type.bundle.unit-test";
		};
/* End PBXNativeTarget section */

/* Begin PBXProject section */
		34B280DD28853F5D0046097F /* Project object */ = {
			isa = PBXProject;
			attributes = {
				BuildIndependentTargetsInParallel = 1;
				LastSwiftUpdateCheck = 1340;
				LastUpgradeCheck = 1340;
				TargetAttributes = {
					34B280E528853F5D0046097F = {
						CreatedOnToolsVersion = 13.4.1;
						LastSwiftMigration = 1340;
					};
					34B280ED28853F5D0046097F = {
						CreatedOnToolsVersion = 13.4.1;
					};
				};
			};
			buildConfigurationList = 34B280E028853F5D0046097F /* Build configuration list for PBXProject "FrameworkDemo" */;
			compatibilityVersion = "Xcode 13.0";
			developmentRegion = en;
			hasScannedForEncodings = 0;
			knownRegions = (
				en,
				Base,
			);
			mainGroup = 34B280DC28853F5D0046097F;
			productRefGroup = 34B280E728853F5D0046097F /* Products */;
			projectDirPath = "";
			projectRoot = "";
			targets = (
				34B280E528853F5D0046097F /* FrameworkDemo */,
				34B280ED28853F5D0046097F /* FrameworkDemoTests */,
			);
		};
/* End PBXProject section */

/* Begin PBXResourcesBuildPhase section */
		34B280E428853F5D0046097F /* Resources */ = {
			isa = PBXResourcesBuildPhase;
			buildActionMask = 2147483647;
			files = (
			);
			runOnlyForDeploymentPostprocessing = 0;
		};
		34B280EC28853F5D0046097F /* Resources */ = {
			isa = PBXResourcesBuildPhase;
			buildActionMask = 2147483647;
			files = (
			);
			runOnlyForDeploymentPostprocessing = 0;
		};
/* End PBXResourcesBuildPhase section */

/* Begin PBXSourcesBuildPhase section */
		34B280E228853F5D0046097F /* Sources */ = {
			isa = PBXSourcesBuildPhase;
			buildActionMask = 2147483647;
			files = (
				34B280FF28853F680046097F /* FrameworkDemo.swift in Sources */,
			);
			runOnlyForDeploymentPostprocessing = 0;
		};
		34B280EA28853F5D0046097F /* Sources */ = {
			isa = PBXSourcesBuildPhase;
			buildActionMask = 2147483647;
			files = (
				34B280F428853F5D0046097F /* FrameworkDemoTests.swift in Sources */,
			);
			runOnlyForDeploymentPostprocessing = 0;
		};
/* End PBXSourcesBuildPhase section */

/* Begin PBXTargetDependency section */
		34B280F128853F5D0046097F /* PBXTargetDependency */ = {
			isa = PBXTargetDependency;
			target = 34B280E528853F5D0046097F /* FrameworkDemo */;
			targetProxy = 34B280F028853F5D0046097F /* PBXContainerItemProxy */;
		};
/* End PBXTargetDependency section */

/* Begin XCBuildConfiguration section */
		34B280F628853F5D0046097F /* Debug */ = {
			isa = XCBuildConfiguration;
			buildSettings = {
				ALWAYS_SEARCH_USER_PATHS = NO;
				CLANG_ANALYZER_NONNULL = YES;
				CLANG_ANALYZER_NUMBER_OBJECT_CONVERSION = YES_AGGRESSIVE;
				CLANG_CXX_LANGUAGE_STANDARD = "gnu++17";
				CLANG_ENABLE_MODULES = YES;
				CLANG_ENABLE_OBJC_ARC = YES;
				CLANG_ENABLE_OBJC_WEAK = YES;
				CLANG_WARN_BLOCK_CAPTURE_AUTORELEASING = YES;
				CLANG_WARN_BOOL_CONVERSION = YES;
				CLANG_WARN_COMMA = YES;
				CLANG_WARN_CONSTANT_CONVERSION = YES;
				CLANG_WARN_DEPRECATED_OBJC_IMPLEMENTATIONS = YES;
				CLANG_WARN_DIRECT_OBJC_ISA_USAGE = YES_ERROR;
				CLANG_WARN_DOCUMENTATION_COMMENTS = YES;
				CLANG_WARN_EMPTY_BODY = YES;
				CLANG_WARN_ENUM_CONVERSION = YES;
				CLANG_WARN_INFINITE_RECURSION = YES;
				CLANG_WARN_INT_CONVERSION = YES;
				CLANG_WARN_NON_LITERAL_NULL_CONVERSION = YES;
				CLANG_WARN_OBJC_IMPLICIT_RETAIN_SELF = YES;
				CLANG_WARN_OBJC_LITERAL_CONVERSION = YES;
				CLANG_WARN_OBJC_ROOT_CLASS = YES_ERROR;
				CLANG_WARN_QUOTED_INCLUDE_IN_FRAMEWORK_HEADER = YES;
				CLANG_WARN_RANGE_LOOP_ANALYSIS = YES;
				CLANG_WARN_STRICT_PROTOTYPES = YES;
				CLANG_WARN_SUSPICIOUS_MOVE = YES;
				CLANG_WARN_UNGUARDED_AVAILABILITY = YES_AGGRESSIVE;
				CLANG_WARN_UNREACHABLE_CODE = YES;
				CLANG_WARN__DUPLICATE_METHOD_MATCH = YES;
				COPY_PHASE_STRIP = NO;
				CURRENT_PROJECT_VERSION = 1;
				DEBUG_INFORMATION_FORMAT = dwarf;
				ENABLE_STRICT_OBJC_MSGSEND = YES;
				ENABLE_TESTABILITY = YES;
				GCC_C_LANGUAGE_STANDARD = gnu11;
				GCC_DYNAMIC_NO_PIC = NO;
				GCC_NO_COMMON_BLOCKS = YES;
				GCC_OPTIMIZATION_LEVEL = 0;
				GCC_PREPROCESSOR_DEFINITIONS = (
					"DEBUG=1",
					"$(inherited)",
				);
				GCC_WARN_64_TO_32_BIT_CONVERSION = YES;
				GCC_WARN_ABOUT_RETURN_TYPE = YES_ERROR;
				GCC_WARN_UNDECLARED_SELECTOR = YES;
				GCC_WARN_UNINITIALIZED_AUTOS = YES_AGGRESSIVE;
				GCC_WARN_UNUSED_FUNCTION = YES;
				GCC_WARN_UNUSED_VARIABLE = YES;
				IPHONEOS_DEPLOYMENT_TARGET = 15.5;
				MTL_ENABLE_DEBUG_INFO = INCLUDE_SOURCE;
				MTL_FAST_MATH = YES;
				ONLY_ACTIVE_ARCH = YES;
				SDKROOT = iphoneos;
				SWIFT_ACTIVE_COMPILATION_CONDITIONS = DEBUG;
				SWIFT_OPTIMIZATION_LEVEL = "-Onone";
				VERSIONING_SYSTEM = "apple-generic";
				VERSION_INFO_PREFIX = "";
			};
			name = Debug;
		};
		34B280F728853F5D0046097F /* Release */ = {
			isa = XCBuildConfiguration;
			buildSettings = {
				ALWAYS_SEARCH_USER_PATHS = NO;
				CLANG_ANALYZER_NONNULL = YES;
				CLANG_ANALYZER_NUMBER_OBJECT_CONVERSION = YES_AGGRESSIVE;
				CLANG_CXX_LANGUAGE_STANDARD = "gnu++17";
				CLANG_ENABLE_MODULES = YES;
				CLANG_ENABLE_OBJC_ARC = YES;
				CLANG_ENABLE_OBJC_WEAK = YES;
				CLANG_WARN_BLOCK_CAPTURE_AUTORELEASING = YES;
				CLANG_WARN_BOOL_CONVERSION = YES;
				CLANG_WARN_COMMA = YES;
				CLANG_WARN_CONSTANT_CONVERSION = YES;
				CLANG_WARN_DEPRECATED_OBJC_IMPLEMENTATIONS = YES;
				CLANG_WARN_DIRECT_OBJC_ISA_USAGE = YES_ERROR;
				CLANG_WARN_DOCUMENTATION_COMMENTS = YES;
				CLANG_WARN_EMPTY_BODY = YES;
				CLANG_WARN_ENUM_CONVERSION = YES;
				CLANG_WARN_INFINITE_RECURSION = YES;
				CLANG_WARN_INT_CONVERSION = YES;
				CLANG_WARN_NON_LITERAL_NULL_CONVERSION = YES;
				CLANG_WARN_OBJC_IMPLICIT_RETAIN_SELF = YES;
				CLANG_WARN_OBJC_LITERAL_CONVERSION = YES;
				CLANG_WARN_OBJC_ROOT_CLASS = YES_ERROR;
				CLANG_WARN_QUOTED_INCLUDE_IN_FRAMEWORK_HEADER = YES;
				CLANG_WARN_RANGE_LOOP_ANALYSIS = YES;
				CLANG_WARN_STRICT_PROTOTYPES = YES;
				CLANG_WARN_SUSPICIOUS_MOVE = YES;
				CLANG_WARN_UNGUARDED_AVAILABILITY = YES_AGGRESSIVE;
				CLANG_WARN_UNREACHABLE_CODE = YES;
				CLANG_WARN__DUPLICATE_METHOD_MATCH = YES;
				COPY_PHASE_STRIP = NO;
				CURRENT_PROJECT_VERSION = 1;
				DEBUG_INFORMATION_FORMAT = "dwarf-with-dsym";
				ENABLE_NS_ASSERTIONS = NO;
				ENABLE_STRICT_OBJC_MSGSEND = YES;
				GCC_C_LANGUAGE_STANDARD = gnu11;
				GCC_NO_COMMON_BLOCKS = YES;
				GCC_WARN_64_TO_32_BIT_CONVERSION = YES;
				GCC_WARN_ABOUT_RETURN_TYPE = YES_ERROR;
				GCC_WARN_UNDECLARED_SELECTOR = YES;
				GCC_WARN_UNINITIALIZED_AUTOS = YES_AGGRESSIVE;
				GCC_WARN_UNUSED_FUNCTION = YES;
				GCC_WARN_UNUSED_VARIABLE = YES;
				IPHONEOS_DEPLOYMENT_TARGET = 15.5;
				MTL_ENABLE_DEBUG_INFO = NO;
				MTL_FAST_MATH = YES;
				SDKROOT = iphoneos;
				SWIFT_COMPILATION_MODE = wholemodule;
				SWIFT_OPTIMIZATION_LEVEL = "-O";
				VALIDATE_PRODUCT = YES;
				VERSIONING_SYSTEM = "apple-generic";
				VERSION_INFO_PREFIX = "";
			};
			name = Release;
		};
		34B280F928853F5D0046097F /* Debug */ = {
			isa = XCBuildConfiguration;
			buildSettings = {
				CLANG_ENABLE_MODULES = YES;
				CODE_SIGN_STYLE = Automatic;
				CURRENT_PROJECT_VERSION = 1;
				DEFINES_MODULE = YES;
				DEVELOPMENT_TEAM = AZ99N6F6UH;
				DYLIB_COMPATIBILITY_VERSION = 1;
				DYLIB_CURRENT_VERSION = 1;
				DYLIB_INSTALL_NAME_BASE = "@rpath";
				GENERATE_INFOPLIST_FILE = YES;
				INFOPLIST_KEY_NSHumanReadableCopyright = "";
				INSTALL_PATH = "$(LOCAL_LIBRARY_DIR)/Frameworks";
				LD_RUNPATH_SEARCH_PATHS = (
					"$(inherited)",
					"@executable_path/Frameworks",
					"@loader_path/Frameworks",
				);
				MARKETING_VERSION = 1.0;
				PRODUCT_BUNDLE_IDENTIFIER = vcc.FrameworkDemo;
				PRODUCT_NAME = "$(TARGET_NAME:c99extidentifier)";
				SKIP_INSTALL = YES;
				SWIFT_EMIT_LOC_STRINGS = YES;
				SWIFT_OPTIMIZATION_LEVEL = "-Onone";
				SWIFT_VERSION = 5.0;
				TARGETED_DEVICE_FAMILY = "1,2";
			};
			name = Debug;
		};
		34B280FA28853F5D0046097F /* Release */ = {
			isa = XCBuildConfiguration;
			buildSettings = {
				CLANG_ENABLE_MODULES = YES;
				CODE_SIGN_STYLE = Automatic;
				CURRENT_PROJECT_VERSION = 1;
				DEFINES_MODULE = YES;
				DEVELOPMENT_TEAM = AZ99N6F6UH;
				DYLIB_COMPATIBILITY_VERSION = 1;
				DYLIB_CURRENT_VERSION = 1;
				DYLIB_INSTALL_NAME_BASE = "@rpath";
				GENERATE_INFOPLIST_FILE = YES;
				INFOPLIST_KEY_NSHumanReadableCopyright = "";
				INSTALL_PATH = "$(LOCAL_LIBRARY_DIR)/Frameworks";
				LD_RUNPATH_SEARCH_PATHS = (
					"$(inherited)",
					"@executable_path/Frameworks",
					"@loader_path/Frameworks",
				);
				MARKETING_VERSION = 1.0;
				PRODUCT_BUNDLE_IDENTIFIER = vcc.FrameworkDemo;
				PRODUCT_NAME = "$(TARGET_NAME:c99extidentifier)";
				SKIP_INSTALL = YES;
				SWIFT_EMIT_LOC_STRINGS = YES;
				SWIFT_VERSION = 5.0;
				TARGETED_DEVICE_FAMILY = "1,2";
			};
			name = Release;
		};
		34B280FC28853F5D0046097F /* Debug */ = {
			isa = XCBuildConfiguration;
			buildSettings = {
				ALWAYS_EMBED_SWIFT_STANDARD_LIBRARIES = YES;
				CODE_SIGN_STYLE = Automatic;
				CURRENT_PROJECT_VERSION = 1;
				DEVELOPMENT_TEAM = AZ99N6F6UH;
				GENERATE_INFOPLIST_FILE = YES;
				MARKETING_VERSION = 1.0;
				PRODUCT_BUNDLE_IDENTIFIER = vcc.FrameworkDemoTests;
				PRODUCT_NAME = "$(TARGET_NAME)";
				SWIFT_EMIT_LOC_STRINGS = NO;
				SWIFT_VERSION = 5.0;
				TARGETED_DEVICE_FAMILY = "1,2";
			};
			name = Debug;
		};
		34B280FD28853F5D0046097F /* Release */ = {
			isa = XCBuildConfiguration;
			buildSettings = {
				ALWAYS_EMBED_SWIFT_STANDARD_LIBRARIES = YES;
				CODE_SIGN_STYLE = Automatic;
				CURRENT_PROJECT_VERSION = 1;
				DEVELOPMENT_TEAM = AZ99N6F6UH;
				GENERATE_INFOPLIST_FILE = YES;
				MARKETING_VERSION = 1.0;
				PRODUCT_BUNDLE_IDENTIFIER = vcc.FrameworkDemoTests;
				PRODUCT_NAME = "$(TARGET_NAME)";
				SWIFT_EMIT_LOC_STRINGS = NO;
				SWIFT_VERSION = 5.0;
				TARGETED_DEVICE_FAMILY = "1,2";
			};
			name = Release;
		};
/* End XCBuildConfiguration section */

/* Begin XCConfigurationList section */
		34B280E028853F5D0046097F /* Build configuration list for PBXProject "FrameworkDemo" */ = {
			isa = XCConfigurationList;
			buildConfigurations = (
				34B280F628853F5D0046097F /* Debug */,
				34B280F728853F5D0046097F /* Release */,
			);
			defaultConfigurationIsVisible = 0;
			defaultConfigurationName = Release;
		};
		34B280F828853F5D0046097F /* Build configuration list for PBXNativeTarget "FrameworkDemo" */ = {
			isa = XCConfigurationList;
			buildConfigurations = (
				34B280F928853F5D0046097F /* Debug */,
				34B280FA28853F5D0046097F /* Release */,
			);
			defaultConfigurationIsVisible = 0;
			defaultConfigurationName = Release;
		};
		34B280FB28853F5D0046097F /* Build configuration list for PBXNativeTarget "FrameworkDemoTests" */ = {
			isa = XCConfigurationList;
			buildConfigurations = (
				34B280FC28853F5D0046097F /* Debug */,
				34B280FD28853F5D0046097F /* Release */,
			);
			defaultConfigurationIsVisible = 0;
			defaultConfigurationName = Release;
		};
/* End XCConfigurationList section */
	};
	rootObject = 34B280DD28853F5D0046097F /* Project object */;
}
